
Microsoft Visual Studio Solution File, Format Version 12.00
# Visual Studio Version 17
VisualStudioVersion = 17.0.31903.59
MinimumVisualStudioVersion = 10.0.40219.1
Project("{2150E333-8FDC-42A3-9474-1A3956D46DE8}") = "src", "src", "{57A14CCA-689B-464B-85CE-DA3EE59DE4F4}"
EndProject
Project("{2150E333-8FDC-42A3-9474-1A3956D46DE8}") = "Apartment", "Apartment", "{8B940C7D-0847-49D4-92DC-DAEC2F3C1DE6}"
EndProject
Project("{2150E333-8FDC-42A3-9474-1A3956D46DE8}") = "School", "School", "{98A38827-CC75-4A98-B505-DD4C2BDE9431}"
EndProject
Project("{2150E333-8FDC-42A3-9474-1A3956D46DE8}") = "Cars", "Cars", "{9FB49438-5AC2-499B-942D-FAA34B5FC841}"
EndProject
Project("{2150E333-8FDC-42A3-9474-1A3956D46DE8}") = "Tourism", "Tourism", "{DA997DEE-F0BD-47E1-A66B-43DB8864976F}"
EndProject
Project("{9A19103F-16F7-4668-BE54-9A1E7A4F7556}") = "Apartment.Application", "Apartment.Application\Apartment.Application.csproj", "{0F346D90-4111-407A-B5D6-58F45E404FCA}"
EndProject
Project("{9A19103F-16F7-4668-BE54-9A1E7A4F7556}") = "Apartment.Infrastructure", "Apartment.Infrastructure\Apartment.Infrastructure.csproj", "{21FFE63B-243E-4A93-B4DD-8670D9FAAB6E}"
EndProject
Project("{9A19103F-16F7-4668-BE54-9A1E7A4F7556}") = "Apartment.Domain", "Apartment.Domain\Apartment.Domain.csproj", "{55F50DA5-BE38-4A65-BBFF-E06115DCD925}"
EndProject
Project("{9A19103F-16F7-4668-BE54-9A1E7A4F7556}") = "Cars.Infrastructure", "Cars.Infrastructure\Cars.Infrastructure.csproj", "{4039E930-26DC-4D1C-8CD4-5BBB4749F473}"
EndProject
Project("{9A19103F-16F7-4668-BE54-9A1E7A4F7556}") = "Cars.Domain", "Cars.Domain\Cars.Domain.csproj", "{C6E58A29-E577-4873-97D4-08905D1018EA}"
EndProject
Project("{9A19103F-16F7-4668-BE54-9A1E7A4F7556}") = "Cars.Application", "Cars.Application\Cars.Application.csproj", "{3120EC0F-479B-4CC1-AF24-535CD70572C5}"
EndProject
Project("{9A19103F-16F7-4668-BE54-9A1E7A4F7556}") = "School.Application", "School.Application\School.Application.csproj", "{6FA5C7D1-613B-47E4-9D17-F821EF366D3B}"
EndProject
Project("{9A19103F-16F7-4668-BE54-9A1E7A4F7556}") = "School.Domain", "School.Domain\School.Domain.csproj", "{474B352E-192C-47FB-BD82-3CFB2E61FA10}"
EndProject
Project("{9A19103F-16F7-4668-BE54-9A1E7A4F7556}") = "School.Infrastructure", "School.Infrastructure\School.Infrastructure.csproj", "{80397DF1-D3D7-4390-A6BD-748801E83662}"
EndProject
Project("{9A19103F-16F7-4668-BE54-9A1E7A4F7556}") = "Tourism.Infrastructure", "Tourism.Infrastructure\Tourism.Infrastructure.csproj", "{F7381F94-CCA1-4F62-9D21-F8BC86A223AC}"
EndProject
Project("{9A19103F-16F7-4668-BE54-9A1E7A4F7556}") = "Tourism.Domain", "Tourism.Domain\Tourism.Domain.csproj", "{3C057143-6435-4A34-B79B-3CC17C2D86A9}"
EndProject
Project("{9A19103F-16F7-4668-BE54-9A1E7A4F7556}") = "Tourism.Application", "Tourism.Application\Tourism.Application.csproj", "{63472ED6-6C2E-4AB4-9C74-A9D71C80449A}"
EndProject
Project("{FAE04EC0-301F-11D3-BF4B-00C04F79EFBC}") = "CarsWeb", "CarsWeb\CarsWeb.csproj", "{A31CB0A8-0B3F-4A78-9880-52ED0D4EEDEF}"
EndProject
Project("{FAE04EC0-301F-11D3-BF4B-00C04F79EFBC}") = "ApartmentWeb", "ApartmentWeb\ApartmentWeb.csproj", "{E551331F-EE53-4B37-AB01-5970C20E9293}"
EndProject
Project("{FAE04EC0-301F-11D3-BF4B-00C04F79EFBC}") = "SchoolWeb", "SchoolWeb\SchoolWeb.csproj", "{EC93D2A8-8BF2-4E0B-B324-FAAF9020DF92}"
EndProject
Project("{FAE04EC0-301F-11D3-BF4B-00C04F79EFBC}") = "TourismWeb", "TourismWeb\TourismWeb.csproj", "{2EBB12FF-4330-4E85-8466-B0CE61B94D75}"
EndProject
Global
	GlobalSection(SolutionConfigurationPlatforms) = preSolution
		Debug|Any CPU = Debug|Any CPU
		Release|Any CPU = Release|Any CPU
	EndGlobalSection
	GlobalSection(ProjectConfigurationPlatforms) = postSolution
		{0F346D90-4111-407A-B5D6-58F45E404FCA}.Debug|Any CPU.ActiveCfg = Debug|Any CPU
		{0F346D90-4111-407A-B5D6-58F45E404FCA}.Debug|Any CPU.Build.0 = Debug|Any CPU
		{0F346D90-4111-407A-B5D6-58F45E404FCA}.Release|Any CPU.ActiveCfg = Release|Any CPU
		{0F346D90-4111-407A-B5D6-58F45E404FCA}.Release|Any CPU.Build.0 = Release|Any CPU
		{21FFE63B-243E-4A93-B4DD-8670D9FAAB6E}.Debug|Any CPU.ActiveCfg = Debug|Any CPU
		{21FFE63B-243E-4A93-B4DD-8670D9FAAB6E}.Debug|Any CPU.Build.0 = Debug|Any CPU
		{21FFE63B-243E-4A93-B4DD-8670D9FAAB6E}.Release|Any CPU.ActiveCfg = Release|Any CPU
		{21FFE63B-243E-4A93-B4DD-8670D9FAAB6E}.Release|Any CPU.Build.0 = Release|Any CPU
		{55F50DA5-BE38-4A65-BBFF-E06115DCD925}.Debug|Any CPU.ActiveCfg = Debug|Any CPU
		{55F50DA5-BE38-4A65-BBFF-E06115DCD925}.Debug|Any CPU.Build.0 = Debug|Any CPU
		{55F50DA5-BE38-4A65-BBFF-E06115DCD925}.Release|Any CPU.ActiveCfg = Release|Any CPU
		{55F50DA5-BE38-4A65-BBFF-E06115DCD925}.Release|Any CPU.Build.0 = Release|Any CPU
		{4039E930-26DC-4D1C-8CD4-5BBB4749F473}.Debug|Any CPU.ActiveCfg = Debug|Any CPU
		{4039E930-26DC-4D1C-8CD4-5BBB4749F473}.Debug|Any CPU.Build.0 = Debug|Any CPU
		{4039E930-26DC-4D1C-8CD4-5BBB4749F473}.Release|Any CPU.ActiveCfg = Release|Any CPU
		{4039E930-26DC-4D1C-8CD4-5BBB4749F473}.Release|Any CPU.Build.0 = Release|Any CPU
		{C6E58A29-E577-4873-97D4-08905D1018EA}.Debug|Any CPU.ActiveCfg = Debug|Any CPU
		{C6E58A29-E577-4873-97D4-08905D1018EA}.Debug|Any CPU.Build.0 = Debug|Any CPU
		{C6E58A29-E577-4873-97D4-08905D1018EA}.Release|Any CPU.ActiveCfg = Release|Any CPU
		{C6E58A29-E577-4873-97D4-08905D1018EA}.Release|Any CPU.Build.0 = Release|Any CPU
		{3120EC0F-479B-4CC1-AF24-535CD70572C5}.Debug|Any CPU.ActiveCfg = Debug|Any CPU
		{3120EC0F-479B-4CC1-AF24-535CD70572C5}.Debug|Any CPU.Build.0 = Debug|Any CPU
		{3120EC0F-479B-4CC1-AF24-535CD70572C5}.Release|Any CPU.ActiveCfg = Release|Any CPU
		{3120EC0F-479B-4CC1-AF24-535CD70572C5}.Release|Any CPU.Build.0 = Release|Any CPU
		{6FA5C7D1-613B-47E4-9D17-F821EF366D3B}.Debug|Any CPU.ActiveCfg = Debug|Any CPU
		{6FA5C7D1-613B-47E4-9D17-F821EF366D3B}.Debug|Any CPU.Build.0 = Debug|Any CPU
		{6FA5C7D1-613B-47E4-9D17-F821EF366D3B}.Release|Any CPU.ActiveCfg = Release|Any CPU
		{6FA5C7D1-613B-47E4-9D17-F821EF366D3B}.Release|Any CPU.Build.0 = Release|Any CPU
		{474B352E-192C-47FB-BD82-3CFB2E61FA10}.Debug|Any CPU.ActiveCfg = Debug|Any CPU
		{474B352E-192C-47FB-BD82-3CFB2E61FA10}.Debug|Any CPU.Build.0 = Debug|Any CPU
		{474B352E-192C-47FB-BD82-3CFB2E61FA10}.Release|Any CPU.ActiveCfg = Release|Any CPU
		{474B352E-192C-47FB-BD82-3CFB2E61FA10}.Release|Any CPU.Build.0 = Release|Any CPU
		{80397DF1-D3D7-4390-A6BD-748801E83662}.Debug|Any CPU.ActiveCfg = Debug|Any CPU
		{80397DF1-D3D7-4390-A6BD-748801E83662}.Debug|Any CPU.Build.0 = Debug|Any CPU
		{80397DF1-D3D7-4390-A6BD-748801E83662}.Release|Any CPU.ActiveCfg = Release|Any CPU
		{80397DF1-D3D7-4390-A6BD-748801E83662}.Release|Any CPU.Build.0 = Release|Any CPU
		{F7381F94-CCA1-4F62-9D21-F8BC86A223AC}.Debug|Any CPU.ActiveCfg = Debug|Any CPU
		{F7381F94-CCA1-4F62-9D21-F8BC86A223AC}.Debug|Any CPU.Build.0 = Debug|Any CPU
		{F7381F94-CCA1-4F62-9D21-F8BC86A223AC}.Release|Any CPU.ActiveCfg = Release|Any CPU
		{F7381F94-CCA1-4F62-9D21-F8BC86A223AC}.Release|Any CPU.Build.0 = Release|Any CPU
		{3C057143-6435-4A34-B79B-3CC17C2D86A9}.Debug|Any CPU.ActiveCfg = Debug|Any CPU
		{3C057143-6435-4A34-B79B-3CC17C2D86A9}.Debug|Any CPU.Build.0 = Debug|Any CPU
		{3C057143-6435-4A34-B79B-3CC17C2D86A9}.Release|Any CPU.ActiveCfg = Release|Any CPU
		{3C057143-6435-4A34-B79B-3CC17C2D86A9}.Release|Any CPU.Build.0 = Release|Any CPU
		{63472ED6-6C2E-4AB4-9C74-A9D71C80449A}.Debug|Any CPU.ActiveCfg = Debug|Any CPU
		{63472ED6-6C2E-4AB4-9C74-A9D71C80449A}.Debug|Any CPU.Build.0 = Debug|Any CPU
		{63472ED6-6C2E-4AB4-9C74-A9D71C80449A}.Release|Any CPU.ActiveCfg = Release|Any CPU
		{63472ED6-6C2E-4AB4-9C74-A9D71C80449A}.Release|Any CPU.Build.0 = Release|Any CPU
		{A31CB0A8-0B3F-4A78-9880-52ED0D4EEDEF}.Debug|Any CPU.ActiveCfg = Debug|Any CPU
		{A31CB0A8-0B3F-4A78-9880-52ED0D4EEDEF}.Debug|Any CPU.Build.0 = Debug|Any CPU
		{A31CB0A8-0B3F-4A78-9880-52ED0D4EEDEF}.Release|Any CPU.ActiveCfg = Release|Any CPU
		{A31CB0A8-0B3F-4A78-9880-52ED0D4EEDEF}.Release|Any CPU.Build.0 = Release|Any CPU
		{E551331F-EE53-4B37-AB01-5970C20E9293}.Debug|Any CPU.ActiveCfg = Debug|Any CPU
		{E551331F-EE53-4B37-AB01-5970C20E9293}.Debug|Any CPU.Build.0 = Debug|Any CPU
		{E551331F-EE53-4B37-AB01-5970C20E9293}.Release|Any CPU.ActiveCfg = Release|Any CPU
		{E551331F-EE53-4B37-AB01-5970C20E9293}.Release|Any CPU.Build.0 = Release|Any CPU
		{EC93D2A8-8BF2-4E0B-B324-FAAF9020DF92}.Debug|Any CPU.ActiveCfg = Debug|Any CPU
		{EC93D2A8-8BF2-4E0B-B324-FAAF9020DF92}.Debug|Any CPU.Build.0 = Debug|Any CPU
		{EC93D2A8-8BF2-4E0B-B324-FAAF9020DF92}.Release|Any CPU.ActiveCfg = Release|Any CPU
		{EC93D2A8-8BF2-4E0B-B324-FAAF9020DF92}.Release|Any CPU.Build.0 = Release|Any CPU
		{2EBB12FF-4330-4E85-8466-B0CE61B94D75}.Debug|Any CPU.ActiveCfg = Debug|Any CPU
		{2EBB12FF-4330-4E85-8466-B0CE61B94D75}.Debug|Any CPU.Build.0 = Debug|Any CPU
		{2EBB12FF-4330-4E85-8466-B0CE61B94D75}.Release|Any CPU.ActiveCfg = Release|Any CPU
		{2EBB12FF-4330-4E85-8466-B0CE61B94D75}.Release|Any CPU.Build.0 = Release|Any CPU
	EndGlobalSection
	GlobalSection(SolutionProperties) = preSolution
		HideSolutionNode = FALSE
	EndGlobalSection
	GlobalSection(NestedProjects) = preSolution
		{8B940C7D-0847-49D4-92DC-DAEC2F3C1DE6} = {57A14CCA-689B-464B-85CE-DA3EE59DE4F4}
		{98A38827-CC75-4A98-B505-DD4C2BDE9431} = {57A14CCA-689B-464B-85CE-DA3EE59DE4F4}
		{9FB49438-5AC2-499B-942D-FAA34B5FC841} = {57A14CCA-689B-464B-85CE-DA3EE59DE4F4}
		{DA997DEE-F0BD-47E1-A66B-43DB8864976F} = {57A14CCA-689B-464B-85CE-DA3EE59DE4F4}
		{0F346D90-4111-407A-B5D6-58F45E404FCA} = {8B940C7D-0847-49D4-92DC-DAEC2F3C1DE6}
		{21FFE63B-243E-4A93-B4DD-8670D9FAAB6E} = {8B940C7D-0847-49D4-92DC-DAEC2F3C1DE6}
		{55F50DA5-BE38-4A65-BBFF-E06115DCD925} = {8B940C7D-0847-49D4-92DC-DAEC2F3C1DE6}
		{4039E930-26DC-4D1C-8CD4-5BBB4749F473} = {9FB49438-5AC2-499B-942D-FAA34B5FC841}
		{C6E58A29-E577-4873-97D4-08905D1018EA} = {9FB49438-5AC2-499B-942D-FAA34B5FC841}
		{3120EC0F-479B-4CC1-AF24-535CD70572C5} = {9FB49438-5AC2-499B-942D-FAA34B5FC841}
		{6FA5C7D1-613B-47E4-9D17-F821EF366D3B} = {98A38827-CC75-4A98-B505-DD4C2BDE9431}
		{474B352E-192C-47FB-BD82-3CFB2E61FA10} = {98A38827-CC75-4A98-B505-DD4C2BDE9431}
		{80397DF1-D3D7-4390-A6BD-748801E83662} = {98A38827-CC75-4A98-B505-DD4C2BDE9431}
		{F7381F94-CCA1-4F62-9D21-F8BC86A223AC} = {DA997DEE-F0BD-47E1-A66B-43DB8864976F}
		{3C057143-6435-4A34-B79B-3CC17C2D86A9} = {DA997DEE-F0BD-47E1-A66B-43DB8864976F}
		{63472ED6-6C2E-4AB4-9C74-A9D71C80449A} = {DA997DEE-F0BD-47E1-A66B-43DB8864976F}
		{A31CB0A8-0B3F-4A78-9880-52ED0D4EEDEF} = {9FB49438-5AC2-499B-942D-FAA34B5FC841}
		{E551331F-EE53-4B37-AB01-5970C20E9293} = {8B940C7D-0847-49D4-92DC-DAEC2F3C1DE6}
		{EC93D2A8-8BF2-4E0B-B324-FAAF9020DF92} = {98A38827-CC75-4A98-B505-DD4C2BDE9431}
		{2EBB12FF-4330-4E85-8466-B0CE61B94D75} = {DA997DEE-F0BD-47E1-A66B-43DB8864976F}
	EndGlobalSection
	GlobalSection(ExtensibilityGlobals) = postSolution
		SolutionGuid = {2C762BD5-DD96-4F77-A466-280C34F77CB8}
	EndGlobalSection
EndGlobal
